version = 1
revision = 2
requires-python = ">=3.13"

[[package]]
name = "eraser"
version = "0.1.0"
source = { virtual = "." }
dependencies = [
    { name = "pytaglib" },
    { name = "wxpython", marker = "sys_platform != 'linux'" },
]

[package.metadata]
requires-dist = [
    { name = "pytaglib", specifier = ">=3.0.1" },
    { name = "wxpython", marker = "sys_platform != 'linux'", specifier = ">=4.2.3" },
]

[[package]]
name = "pytaglib"
version = "3.0.1"
source = { registry = "https://pypi.org/simple" }
sdist = { url = "https://files.pythonhosted.org/packages/2a/f5/90d40088d4839b50b6aaa1de403d12053acfc7724901f7749d9724039882/pytaglib-3.0.1.tar.gz", hash = "sha256:b9255765d72e237e8b2843f2df3763f7ad3fdc6b6b3ffdd027c3f373c9bdd787", size = 500599, upload-time = "2025-03-21T22:32:51.488Z" }
wheels = [
    { url = "https://files.pythonhosted.org/packages/ba/f8/a2a9eaa79d200f5acf1d8a48b38db042668dc3e67bf56b569b11c5d30349/pytaglib-3.0.1-cp313-cp313-macosx_10_13_x86_64.whl", hash = "sha256:1173675b8868498ed135cc488abfc70bc2016dc78f615a5b27adc042afd3ef9a", size = 765166, upload-time = "2025-03-21T22:32:32.856Z" },
    { url = "https://files.pythonhosted.org/packages/94/7e/739313be7611fd6f6d18407059255118ff4d09576afeacdd6246c2c98f1e/pytaglib-3.0.1-cp313-cp313-macosx_11_0_arm64.whl", hash = "sha256:4b56cdbd3c029308634f4efa2134d91f74714eacfb6f43c0ed430fe74fa5cc09", size = 790362, upload-time = "2025-03-21T22:32:33.913Z" },
    { url = "https://files.pythonhosted.org/packages/ba/cc/2bf2511ab9a4adbd4eb3cdf35a6ec429e629bf5212d59c50b0ee4de3ede6/pytaglib-3.0.1-cp313-cp313-manylinux_2_17_x86_64.manylinux2014_x86_64.whl", hash = "sha256:041a559015167691b14ac017657e0f7ab5e5398ebe7936dbbcd9940cd4277e24", size = 1932489, upload-time = "2025-03-21T22:32:34.985Z" },
    { url = "https://files.pythonhosted.org/packages/b7/89/7c43fbe9f5c89c552ff5ea4bdfdc9e73f343a764d4dca67583ad293dd1f2/pytaglib-3.0.1-cp313-cp313-musllinux_1_2_x86_64.whl", hash = "sha256:08e513093a1e3859b6d10319f8dc2509891b0b602b0ed84cad64b59d5e0a87e2", size = 2813214, upload-time = "2025-03-21T22:32:36.361Z" },
    { url = "https://files.pythonhosted.org/packages/87/d9/a81226deee5f687edc5e914b7c0a4f1f2cfd1302fb265be37025cf9b352b/pytaglib-3.0.1-cp313-cp313-win_amd64.whl", hash = "sha256:a65f310df7cd78e4218a7bb581da7775192fc81dfcb2612da1ed93091c8671b9", size = 256377, upload-time = "2025-03-21T22:32:37.669Z" },
]

[[package]]
name = "wxpython"
version = "4.2.3"
source = { registry = "https://pypi.org/simple" }
sdist = { url = "https://files.pythonhosted.org/packages/4c/d9/4451392d3d6ba45aa23aa77a6f1a9970b43351b956bf61e10fd513a1dc38/wxPython-4.2.3.tar.gz", hash = "sha256:20d6e0c927e27ced85643719bd63e9f7fd501df6e9a8aab1489b039897fd7c01", size = 58861286, upload-time = "2025-04-10T02:49:43.557Z" }
wheels = [
    { url = "https://files.pythonhosted.org/packages/af/d9/da813737843fe4290d63061f8c77d172a3c3f9242a2d3590ecec4ff91d6d/wxpython-4.2.3-cp313-cp313-macosx_10_13_x86_64.whl", hash = "sha256:718a1560e341b5c4755fe9e8a431a1c6796a9d742a4bfce7ebd90d8a71ac0dd4", size = 18796223, upload-time = "2025-04-10T02:49:15.582Z" },
    { url = "https://files.pythonhosted.org/packages/7d/b5/f65ba11cd6b1de8279085fba287ec869a35eb122743d620a58d65d54a177/wxpython-4.2.3-cp313-cp313-macosx_11_0_arm64.whl", hash = "sha256:a1a367e4242ae83aedbaf2728f622be8ee7aec4721eb4254fe8cf2d86f893bc5", size = 17853488, upload-time = "2025-04-10T02:49:18.412Z" },
    { url = "https://files.pythonhosted.org/packages/9e/42/fe653ffb7817d09cbc146bb67ace7fc690bdbe2739bbe472f99d8c51b01c/wxpython-4.2.3-cp313-cp313-win32.whl", hash = "sha256:676aeb82d64d3d3cb94210e882a508bb1013de5fb55917f54f8dd2c1483f9110", size = 14507572, upload-time = "2025-04-10T02:49:20.927Z" },
    { url = "https://files.pythonhosted.org/packages/83/5c/1692523ab503b34065add84f184e1b0e4b6af6b5bde6447666a0d192b29d/wxpython-4.2.3-cp313-cp313-win_amd64.whl", hash = "sha256:dac14ea1b04d90b403414f0401704beecae0d3e7143755a20da0ac2cfec02bf9", size = 16566260, upload-time = "2025-04-10T02:49:24.378Z" },
]
